PODS:
  - AppAuth (1.4.0):
    - AppAuth/Core (= 1.4.0)
    - AppAuth/ExternalUserAgent (= 1.4.0)
  - AppAuth/Core (1.4.0)
  - AppAuth/ExternalUserAgent (1.4.0)
  - boost-for-react-native (1.63.0)
  - DoubleConversion (1.1.6)
  - EXApplication (4.0.2):
    - ExpoModulesCore
  - EXBlur (11.0.0):
    - ExpoModulesCore
  - EXCamera (12.1.2):
    - ExpoModulesCore
  - EXClipboard (2.1.1):
    - ExpoModulesCore
  - EXConstants (13.0.2):
    - ExpoModulesCore
  - EXCrypto (10.1.2):
    - ExpoModulesCore
  - EXDevice (4.1.1):
    - ExpoModulesCore
  - EXErrorRecovery (3.0.5):
    - ExpoModulesCore
  - EXFileSystem (13.1.4):
    - ExpoModulesCore
  - EXFirebaseAnalytics (6.0.1):
    - EXFirebaseCore
    - ExpoModulesCore
    - Firebase/Core (= 7.7.0)
  - EXFirebaseCore (4.1.1):
    - ExpoModulesCore
    - Firebase/Core (= 7.7.0)
  - EXFont (10.0.5):
    - ExpoModulesCore
  - EXImageLoader (3.1.1):
    - ExpoModulesCore
    - React-Core
  - EXImageManipulator (10.2.1):
    - EXImageLoader
    - ExpoModulesCore
  - EXImagePicker (12.0.2):
    - ExpoModulesCore
  - EXJSONUtils (0.2.1)
  - EXKeepAwake (10.0.2):
    - ExpoModulesCore
  - EXLocation (14.0.2):
    - ExpoModulesCore
    - UMTaskManagerInterface
  - EXManifests (0.2.4):
    - EXJSONUtils
  - EXNotifications (0.14.1):
    - ExpoModulesCore
  - Expo (44.0.6):
    - ExpoModulesCore
  - ExpoAdapterFBSDKNext (7.3.2):
    - ExpoModulesCore
    - FBSDKCoreKit
    - React-Core
  - ExpoLinearGradient (11.0.3):
    - ExpoModulesCore
  - ExpoLocalization (12.0.1):
    - ExpoModulesCore
  - ExpoModulesCore (0.6.5):
    - React-Core
    - ReactCommon/turbomodule/core
  - EXRandom (12.1.2):
    - React-Core
  - EXSecureStore (11.1.1):
    - ExpoModulesCore
  - EXSplashScreen (0.14.2):
    - ExpoModulesCore
    - React-Core
  - EXStructuredHeaders (2.1.1)
  - EXUpdates (0.11.6):
    - EXManifests
    - ExpoModulesCore
    - EXStructuredHeaders
    - EXUpdatesInterface
    - React-Core
  - EXUpdatesInterface (0.5.1)
  - EXWebBrowser (10.1.1):
    - ExpoModulesCore
  - FBAEMKit (12.3.2):
    - FBSDKCoreKit_Basics (= 12.3.2)
  - FBLazyVector (0.64.3)
  - FBReactNativeSpec (0.64.3):
    - RCT-Folly (= 2020.01.13.00)
    - RCTRequired (= 0.64.3)
    - RCTTypeSafety (= 0.64.3)
    - React-Core (= 0.64.3)
    - React-jsi (= 0.64.3)
    - ReactCommon/turbomodule/core (= 0.64.3)
  - FBSDKCoreKit (12.3.2):
    - FBAEMKit (= 12.3.2)
    - FBSDKCoreKit_Basics (= 12.3.2)
  - FBSDKCoreKit_Basics (12.3.2)
  - FBSDKLoginKit (12.3.2):
    - FBSDKCoreKit (= 12.3.2)
  - FBSDKShareKit (12.3.2):
    - FBSDKCoreKit (= 12.3.2)
  - Firebase/Core (7.7.0):
    - Firebase/CoreOnly
    - FirebaseAnalytics (= 7.7.0)
  - Firebase/CoreOnly (7.7.0):
    - FirebaseCore (= 7.7.0)
  - FirebaseAnalytics (7.7.0):
    - FirebaseCore (~> 7.0)
    - FirebaseInstallations (~> 7.0)
    - GoogleAppMeasurement (= 7.7.0)
    - GoogleUtilities/AppDelegateSwizzler (~> 7.0)
    - GoogleUtilities/MethodSwizzler (~> 7.0)
    - GoogleUtilities/Network (~> 7.0)
    - "GoogleUtilities/NSData+zlib (~> 7.0)"
    - nanopb (~> 2.30907.0)
  - FirebaseCore (7.7.0):
    - FirebaseCoreDiagnostics (~> 7.4)
    - GoogleUtilities/Environment (~> 7.0)
    - GoogleUtilities/Logger (~> 7.0)
  - FirebaseCoreDiagnostics (7.9.0):
    - GoogleDataTransport (~> 8.0)
    - GoogleUtilities/Environment (~> 7.0)
    - GoogleUtilities/Logger (~> 7.0)
    - nanopb (~> 2.30907.0)
  - FirebaseInstallations (7.11.0):
    - FirebaseCore (~> 7.0)
    - GoogleUtilities/Environment (~> 7.0)
    - GoogleUtilities/UserDefaults (~> 7.0)
    - PromisesObjC (~> 1.2)
  - glog (0.3.5)
  - GoogleAppMeasurement (7.7.0):
    - GoogleUtilities/AppDelegateSwizzler (~> 7.0)
    - GoogleUtilities/MethodSwizzler (~> 7.0)
    - GoogleUtilities/Network (~> 7.0)
    - "GoogleUtilities/NSData+zlib (~> 7.0)"
    - nanopb (~> 2.30907.0)
  - GoogleDataTransport (8.3.1):
    - GoogleUtilities/Environment (~> 7.2)
    - nanopb (~> 2.30907.0)
    - PromisesObjC (~> 1.2)
  - GoogleSignIn (5.0.2):
    - AppAuth (~> 1.2)
    - GTMAppAuth (~> 1.0)
    - GTMSessionFetcher/Core (~> 1.1)
  - GoogleUtilities/AppDelegateSwizzler (7.7.0):
    - GoogleUtilities/Environment
    - GoogleUtilities/Logger
    - GoogleUtilities/Network
  - GoogleUtilities/Environment (7.7.0):
    - PromisesObjC (< 3.0, >= 1.2)
  - GoogleUtilities/Logger (7.7.0):
    - GoogleUtilities/Environment
  - GoogleUtilities/MethodSwizzler (7.7.0):
    - GoogleUtilities/Logger
  - GoogleUtilities/Network (7.7.0):
    - GoogleUtilities/Logger
    - "GoogleUtilities/NSData+zlib"
    - GoogleUtilities/Reachability
  - "GoogleUtilities/NSData+zlib (7.7.0)"
  - GoogleUtilities/Reachability (7.7.0):
    - GoogleUtilities/Logger
  - GoogleUtilities/UserDefaults (7.7.0):
    - GoogleUtilities/Logger
  - GTMAppAuth (1.2.2):
    - AppAuth/Core (~> 1.4)
    - GTMSessionFetcher/Core (~> 1.5)
  - GTMSessionFetcher/Core (1.7.0)
  - lottie-ios (3.2.3)
  - lottie-react-native (5.0.1):
    - lottie-ios (~> 3.2.3)
    - React-Core
  - nanopb (2.30907.0):
    - nanopb/decode (= 2.30907.0)
    - nanopb/encode (= 2.30907.0)
  - nanopb/decode (2.30907.0)
  - nanopb/encode (2.30907.0)
  - PromisesObjC (1.2.12)
  - RCT-Folly (2020.01.13.00):
    - boost-for-react-native
    - DoubleConversion
    - glog
    - RCT-Folly/Default (= 2020.01.13.00)
  - RCT-Folly/Default (2020.01.13.00):
    - boost-for-react-native
    - DoubleConversion
    - glog
  - RCTRequired (0.64.3)
  - RCTTypeSafety (0.64.3):
    - FBLazyVector (= 0.64.3)
    - RCT-Folly (= 2020.01.13.00)
    - RCTRequired (= 0.64.3)
    - React-Core (= 0.64.3)
  - React (0.64.3):
    - React-Core (= 0.64.3)
    - React-Core/DevSupport (= 0.64.3)
    - React-Core/RCTWebSocket (= 0.64.3)
    - React-RCTActionSheet (= 0.64.3)
    - React-RCTAnimation (= 0.64.3)
    - React-RCTBlob (= 0.64.3)
    - React-RCTImage (= 0.64.3)
    - React-RCTLinking (= 0.64.3)
    - React-RCTNetwork (= 0.64.3)
    - React-RCTSettings (= 0.64.3)
    - React-RCTText (= 0.64.3)
    - React-RCTVibration (= 0.64.3)
  - React-callinvoker (0.64.3)
  - React-Core (0.64.3):
    - glog
    - RCT-Folly (= 2020.01.13.00)
    - React-Core/Default (= 0.64.3)
    - React-cxxreact (= 0.64.3)
    - React-jsi (= 0.64.3)
    - React-jsiexecutor (= 0.64.3)
    - React-perflogger (= 0.64.3)
    - Yoga
  - React-Core/CoreModulesHeaders (0.64.3):
    - glog
    - RCT-Folly (= 2020.01.13.00)
    - React-Core/Default
    - React-cxxreact (= 0.64.3)
    - React-jsi (= 0.64.3)
    - React-jsiexecutor (= 0.64.3)
    - React-perflogger (= 0.64.3)
    - Yoga
  - React-Core/Default (0.64.3):
    - glog
    - RCT-Folly (= 2020.01.13.00)
    - React-cxxreact (= 0.64.3)
    - React-jsi (= 0.64.3)
    - React-jsiexecutor (= 0.64.3)
    - React-perflogger (= 0.64.3)
    - Yoga
  - React-Core/DevSupport (0.64.3):
    - glog
    - RCT-Folly (= 2020.01.13.00)
    - React-Core/Default (= 0.64.3)
    - React-Core/RCTWebSocket (= 0.64.3)
    - React-cxxreact (= 0.64.3)
    - React-jsi (= 0.64.3)
    - React-jsiexecutor (= 0.64.3)
    - React-jsinspector (= 0.64.3)
    - React-perflogger (= 0.64.3)
    - Yoga
  - React-Core/RCTActionSheetHeaders (0.64.3):
    - glog
    - RCT-Folly (= 2020.01.13.00)
    - React-Core/Default
    - React-cxxreact (= 0.64.3)
    - React-jsi (= 0.64.3)
    - React-jsiexecutor (= 0.64.3)
    - React-perflogger (= 0.64.3)
    - Yoga
  - React-Core/RCTAnimationHeaders (0.64.3):
    - glog
    - RCT-Folly (= 2020.01.13.00)
    - React-Core/Default
    - React-cxxreact (= 0.64.3)
    - React-jsi (= 0.64.3)
    - React-jsiexecutor (= 0.64.3)
    - React-perflogger (= 0.64.3)
    - Yoga
  - React-Core/RCTBlobHeaders (0.64.3):
    - glog
    - RCT-Folly (= 2020.01.13.00)
    - React-Core/Default
    - React-cxxreact (= 0.64.3)
    - React-jsi (= 0.64.3)
    - React-jsiexecutor (= 0.64.3)
    - React-perflogger (= 0.64.3)
    - Yoga
  - React-Core/RCTImageHeaders (0.64.3):
    - glog
    - RCT-Folly (= 2020.01.13.00)
    - React-Core/Default
    - React-cxxreact (= 0.64.3)
    - React-jsi (= 0.64.3)
    - React-jsiexecutor (= 0.64.3)
    - React-perflogger (= 0.64.3)
    - Yoga
  - React-Core/RCTLinkingHeaders (0.64.3):
    - glog
    - RCT-Folly (= 2020.01.13.00)
    - React-Core/Default
    - React-cxxreact (= 0.64.3)
    - React-jsi (= 0.64.3)
    - React-jsiexecutor (= 0.64.3)
    - React-perflogger (= 0.64.3)
    - Yoga
  - React-Core/RCTNetworkHeaders (0.64.3):
    - glog
    - RCT-Folly (= 2020.01.13.00)
    - React-Core/Default
    - React-cxxreact (= 0.64.3)
    - React-jsi (= 0.64.3)
    - React-jsiexecutor (= 0.64.3)
    - React-perflogger (= 0.64.3)
    - Yoga
  - React-Core/RCTSettingsHeaders (0.64.3):
    - glog
    - RCT-Folly (= 2020.01.13.00)
    - React-Core/Default
    - React-cxxreact (= 0.64.3)
    - React-jsi (= 0.64.3)
    - React-jsiexecutor (= 0.64.3)
    - React-perflogger (= 0.64.3)
    - Yoga
  - React-Core/RCTTextHeaders (0.64.3):
    - glog
    - RCT-Folly (= 2020.01.13.00)
    - React-Core/Default
    - React-cxxreact (= 0.64.3)
    - React-jsi (= 0.64.3)
    - React-jsiexecutor (= 0.64.3)
    - React-perflogger (= 0.64.3)
    - Yoga
  - React-Core/RCTVibrationHeaders (0.64.3):
    - glog
    - RCT-Folly (= 2020.01.13.00)
    - React-Core/Default
    - React-cxxreact (= 0.64.3)
    - React-jsi (= 0.64.3)
    - React-jsiexecutor (= 0.64.3)
    - React-perflogger (= 0.64.3)
    - Yoga
  - React-Core/RCTWebSocket (0.64.3):
    - glog
    - RCT-Folly (= 2020.01.13.00)
    - React-Core/Default (= 0.64.3)
    - React-cxxreact (= 0.64.3)
    - React-jsi (= 0.64.3)
    - React-jsiexecutor (= 0.64.3)
    - React-perflogger (= 0.64.3)
    - Yoga
  - React-CoreModules (0.64.3):
    - FBReactNativeSpec (= 0.64.3)
    - RCT-Folly (= 2020.01.13.00)
    - RCTTypeSafety (= 0.64.3)
    - React-Core/CoreModulesHeaders (= 0.64.3)
    - React-jsi (= 0.64.3)
    - React-RCTImage (= 0.64.3)
    - ReactCommon/turbomodule/core (= 0.64.3)
  - React-cxxreact (0.64.3):
    - boost-for-react-native (= 1.63.0)
    - DoubleConversion
    - glog
    - RCT-Folly (= 2020.01.13.00)
    - React-callinvoker (= 0.64.3)
    - React-jsi (= 0.64.3)
    - React-jsinspector (= 0.64.3)
    - React-perflogger (= 0.64.3)
    - React-runtimeexecutor (= 0.64.3)
  - React-jsi (0.64.3):
    - boost-for-react-native (= 1.63.0)
    - DoubleConversion
    - glog
    - RCT-Folly (= 2020.01.13.00)
    - React-jsi/Default (= 0.64.3)
  - React-jsi/Default (0.64.3):
    - boost-for-react-native (= 1.63.0)
    - DoubleConversion
    - glog
    - RCT-Folly (= 2020.01.13.00)
  - React-jsiexecutor (0.64.3):
    - DoubleConversion
    - glog
    - RCT-Folly (= 2020.01.13.00)
    - React-cxxreact (= 0.64.3)
    - React-jsi (= 0.64.3)
    - React-perflogger (= 0.64.3)
  - React-jsinspector (0.64.3)
  - react-native-fbsdk-next (7.3.2):
    - React-Core
    - react-native-fbsdk-next/Core (= 7.3.2)
    - react-native-fbsdk-next/Login (= 7.3.2)
    - react-native-fbsdk-next/Share (= 7.3.2)
  - react-native-fbsdk-next/Core (7.3.2):
    - FBSDKCoreKit (~> 12.3.2)
    - React-Core
  - react-native-fbsdk-next/Login (7.3.2):
    - FBSDKLoginKit (~> 12.3.2)
    - React-Core
  - react-native-fbsdk-next/Share (7.3.2):
    - FBSDKShareKit (~> 12.3.2)
    - React-Core
  - react-native-safe-area-context (3.3.2):
    - React-Core
  - React-perflogger (0.64.3)
  - React-RCTActionSheet (0.64.3):
    - React-Core/RCTActionSheetHeaders (= 0.64.3)
  - React-RCTAnimation (0.64.3):
    - FBReactNativeSpec (= 0.64.3)
    - RCT-Folly (= 2020.01.13.00)
    - RCTTypeSafety (= 0.64.3)
    - React-Core/RCTAnimationHeaders (= 0.64.3)
    - React-jsi (= 0.64.3)
    - ReactCommon/turbomodule/core (= 0.64.3)
  - React-RCTBlob (0.64.3):
    - FBReactNativeSpec (= 0.64.3)
    - RCT-Folly (= 2020.01.13.00)
    - React-Core/RCTBlobHeaders (= 0.64.3)
    - React-Core/RCTWebSocket (= 0.64.3)
    - React-jsi (= 0.64.3)
    - React-RCTNetwork (= 0.64.3)
    - ReactCommon/turbomodule/core (= 0.64.3)
  - React-RCTImage (0.64.3):
    - FBReactNativeSpec (= 0.64.3)
    - RCT-Folly (= 2020.01.13.00)
    - RCTTypeSafety (= 0.64.3)
    - React-Core/RCTImageHeaders (= 0.64.3)
    - React-jsi (= 0.64.3)
    - React-RCTNetwork (= 0.64.3)
    - ReactCommon/turbomodule/core (= 0.64.3)
  - React-RCTLinking (0.64.3):
    - FBReactNativeSpec (= 0.64.3)
    - React-Core/RCTLinkingHeaders (= 0.64.3)
    - React-jsi (= 0.64.3)
    - ReactCommon/turbomodule/core (= 0.64.3)
  - React-RCTNetwork (0.64.3):
    - FBReactNativeSpec (= 0.64.3)
    - RCT-Folly (= 2020.01.13.00)
    - RCTTypeSafety (= 0.64.3)
    - React-Core/RCTNetworkHeaders (= 0.64.3)
    - React-jsi (= 0.64.3)
    - ReactCommon/turbomodule/core (= 0.64.3)
  - React-RCTSettings (0.64.3):
    - FBReactNativeSpec (= 0.64.3)
    - RCT-Folly (= 2020.01.13.00)
    - RCTTypeSafety (= 0.64.3)
    - React-Core/RCTSettingsHeaders (= 0.64.3)
    - React-jsi (= 0.64.3)
    - ReactCommon/turbomodule/core (= 0.64.3)
  - React-RCTText (0.64.3):
    - React-Core/RCTTextHeaders (= 0.64.3)
  - React-RCTVibration (0.64.3):
    - FBReactNativeSpec (= 0.64.3)
    - RCT-Folly (= 2020.01.13.00)
    - React-Core/RCTVibrationHeaders (= 0.64.3)
    - React-jsi (= 0.64.3)
    - ReactCommon/turbomodule/core (= 0.64.3)
  - React-runtimeexecutor (0.64.3):
    - React-jsi (= 0.64.3)
  - ReactCommon/turbomodule/core (0.64.3):
    - DoubleConversion
    - glog
    - RCT-Folly (= 2020.01.13.00)
    - React-callinvoker (= 0.64.3)
    - React-Core (= 0.64.3)
    - React-cxxreact (= 0.64.3)
    - React-jsi (= 0.64.3)
    - React-perflogger (= 0.64.3)
  - RNCAsyncStorage (1.15.17):
    - React-Core
  - RNCClipboard (1.8.5):
    - React-Core
  - RNCMaskedView (0.1.11):
    - React
  - RNCPicker (2.2.1):
    - React-Core
  - RNGestureHandler (2.1.3):
    - React-Core
  - RNGoogleSignin (6.0.1):
    - GoogleSignIn (~> 5.0.0)
    - React-Core
  - RNImageCropPicker (0.37.3):
    - React-Core
    - React-RCTImage
    - RNImageCropPicker/QBImagePickerController (= 0.37.3)
    - TOCropViewController
  - RNImageCropPicker/QBImagePickerController (0.37.3):
    - React-Core
    - React-RCTImage
    - TOCropViewController
  - RNReanimated (2.3.2):
    - DoubleConversion
    - FBLazyVector
    - FBReactNativeSpec
    - glog
    - RCT-Folly
    - RCTRequired
    - RCTTypeSafety
    - React
    - React-callinvoker
    - React-Core
    - React-Core/DevSupport
    - React-Core/RCTWebSocket
    - React-CoreModules
    - React-cxxreact
    - React-jsi
    - React-jsiexecutor
    - React-jsinspector
    - React-RCTActionSheet
    - React-RCTAnimation
    - React-RCTBlob
    - React-RCTImage
    - React-RCTLinking
    - React-RCTNetwork
    - React-RCTSettings
    - React-RCTText
    - ReactCommon/turbomodule/core
    - Yoga
  - RNScreens (3.10.2):
    - React-Core
    - React-RCTImage
  - RNSVG (12.1.1):
    - React
  - RNVectorIcons (9.0.0):
    - React-Core
  - TOCropViewController (2.6.1)
  - UMTaskManagerInterface (7.1.1):
    - ExpoModulesCore
  - Yoga (1.14.0)

DEPENDENCIES:
  - DoubleConversion (from `../node_modules/react-native/third-party-podspecs/DoubleConversion.podspec`)
  - EXApplication (from `../node_modules/expo-application/ios`)
  - EXBlur (from `../node_modules/expo-blur/ios`)
  - EXCamera (from `../node_modules/expo-camera/ios`)
  - EXClipboard (from `../node_modules/expo-clipboard/ios`)
  - EXConstants (from `../node_modules/expo-constants/ios`)
  - EXCrypto (from `../node_modules/expo-crypto/ios`)
  - EXDevice (from `../node_modules/expo-device/ios`)
  - EXErrorRecovery (from `../node_modules/expo-error-recovery/ios`)
  - EXFileSystem (from `../node_modules/expo-file-system/ios`)
  - EXFirebaseAnalytics (from `../node_modules/expo-firebase-analytics/ios`)
  - EXFirebaseCore (from `../node_modules/expo-firebase-core/ios`)
  - EXFont (from `../node_modules/expo-font/ios`)
  - EXImageLoader (from `../node_modules/expo-image-loader/ios`)
  - EXImageManipulator (from `../node_modules/expo-image-manipulator/ios`)
  - EXImagePicker (from `../node_modules/expo-image-picker/ios`)
  - EXJSONUtils (from `../node_modules/expo-json-utils/ios`)
  - EXKeepAwake (from `../node_modules/expo-keep-awake/ios`)
  - EXLocation (from `../node_modules/expo-location/ios`)
  - EXManifests (from `../node_modules/expo-manifests/ios`)
  - EXNotifications (from `../node_modules/expo-notifications/ios`)
  - Expo (from `../node_modules/expo/ios`)
  - ExpoAdapterFBSDKNext (from `../node_modules/react-native-fbsdk-next/ios`)
  - ExpoLinearGradient (from `../node_modules/expo-linear-gradient/ios`)
  - ExpoLocalization (from `../node_modules/expo-localization/ios`)
  - ExpoModulesCore (from `../node_modules/expo-modules-core/ios`)
  - EXRandom (from `../node_modules/expo-random/ios`)
  - EXSecureStore (from `../node_modules/expo-secure-store/ios`)
  - EXSplashScreen (from `../node_modules/expo-splash-screen/ios`)
  - EXStructuredHeaders (from `../node_modules/expo-structured-headers/ios`)
  - EXUpdates (from `../node_modules/expo-updates/ios`)
  - EXUpdatesInterface (from `../node_modules/expo-updates-interface/ios`)
  - EXWebBrowser (from `../node_modules/expo-web-browser/ios`)
  - FBLazyVector (from `../node_modules/react-native/Libraries/FBLazyVector`)
  - FBReactNativeSpec (from `../node_modules/react-native/React/FBReactNativeSpec`)
  - glog (from `../node_modules/react-native/third-party-podspecs/glog.podspec`)
  - lottie-react-native (from `../node_modules/lottie-react-native`)
  - RCT-Folly (from `../node_modules/react-native/third-party-podspecs/RCT-Folly.podspec`)
  - RCTRequired (from `../node_modules/react-native/Libraries/RCTRequired`)
  - RCTTypeSafety (from `../node_modules/react-native/Libraries/TypeSafety`)
  - React (from `../node_modules/react-native/`)
  - React-callinvoker (from `../node_modules/react-native/ReactCommon/callinvoker`)
  - React-Core (from `../node_modules/react-native/`)
  - React-Core/DevSupport (from `../node_modules/react-native/`)
  - React-Core/RCTWebSocket (from `../node_modules/react-native/`)
  - React-CoreModules (from `../node_modules/react-native/React/CoreModules`)
  - React-cxxreact (from `../node_modules/react-native/ReactCommon/cxxreact`)
  - React-jsi (from `../node_modules/react-native/ReactCommon/jsi`)
  - React-jsiexecutor (from `../node_modules/react-native/ReactCommon/jsiexecutor`)
  - React-jsinspector (from `../node_modules/react-native/ReactCommon/jsinspector`)
  - react-native-fbsdk-next (from `../node_modules/react-native-fbsdk-next`)
  - react-native-safe-area-context (from `../node_modules/react-native-safe-area-context`)
  - React-perflogger (from `../node_modules/react-native/ReactCommon/reactperflogger`)
  - React-RCTActionSheet (from `../node_modules/react-native/Libraries/ActionSheetIOS`)
  - React-RCTAnimation (from `../node_modules/react-native/Libraries/NativeAnimation`)
  - React-RCTBlob (from `../node_modules/react-native/Libraries/Blob`)
  - React-RCTImage (from `../node_modules/react-native/Libraries/Image`)
  - React-RCTLinking (from `../node_modules/react-native/Libraries/LinkingIOS`)
  - React-RCTNetwork (from `../node_modules/react-native/Libraries/Network`)
  - React-RCTSettings (from `../node_modules/react-native/Libraries/Settings`)
  - React-RCTText (from `../node_modules/react-native/Libraries/Text`)
  - React-RCTVibration (from `../node_modules/react-native/Libraries/Vibration`)
  - React-runtimeexecutor (from `../node_modules/react-native/ReactCommon/runtimeexecutor`)
  - ReactCommon/turbomodule/core (from `../node_modules/react-native/ReactCommon`)
  - "RNCAsyncStorage (from `../node_modules/@react-native-async-storage/async-storage`)"
  - "RNCClipboard (from `../node_modules/@react-native-clipboard/clipboard`)"
  - "RNCMaskedView (from `../node_modules/@react-native-community/masked-view`)"
  - "RNCPicker (from `../node_modules/@react-native-picker/picker`)"
  - RNGestureHandler (from `../node_modules/react-native-gesture-handler`)
  - "RNGoogleSignin (from `../node_modules/@react-native-google-signin/google-signin`)"
  - RNImageCropPicker (from `../node_modules/react-native-image-crop-picker`)
  - RNReanimated (from `../node_modules/react-native-reanimated`)
  - RNScreens (from `../node_modules/react-native-screens`)
  - RNSVG (from `../node_modules/react-native-svg`)
  - RNVectorIcons (from `../node_modules/react-native-vector-icons`)
  - UMTaskManagerInterface (from `../node_modules/unimodules-task-manager-interface/ios`)
  - Yoga (from `../node_modules/react-native/ReactCommon/yoga`)

SPEC REPOS:
  trunk:
    - AppAuth
    - boost-for-react-native
    - FBAEMKit
    - FBSDKCoreKit
    - FBSDKCoreKit_Basics
    - FBSDKLoginKit
    - FBSDKShareKit
    - Firebase
    - FirebaseAnalytics
    - FirebaseCore
    - FirebaseCoreDiagnostics
    - FirebaseInstallations
    - GoogleAppMeasurement
    - GoogleDataTransport
    - GoogleSignIn
    - GoogleUtilities
    - GTMAppAuth
    - GTMSessionFetcher
    - lottie-ios
    - nanopb
    - PromisesObjC
    - TOCropViewController

EXTERNAL SOURCES:
  DoubleConversion:
    :podspec: "../node_modules/react-native/third-party-podspecs/DoubleConversion.podspec"
  EXApplication:
    :path: "../node_modules/expo-application/ios"
  EXBlur:
    :path: "../node_modules/expo-blur/ios"
  EXCamera:
    :path: "../node_modules/expo-camera/ios"
  EXClipboard:
    :path: "../node_modules/expo-clipboard/ios"
  EXConstants:
    :path: "../node_modules/expo-constants/ios"
  EXCrypto:
    :path: "../node_modules/expo-crypto/ios"
  EXDevice:
    :path: "../node_modules/expo-device/ios"
  EXErrorRecovery:
    :path: "../node_modules/expo-error-recovery/ios"
  EXFileSystem:
    :path: "../node_modules/expo-file-system/ios"
  EXFirebaseAnalytics:
    :path: "../node_modules/expo-firebase-analytics/ios"
  EXFirebaseCore:
    :path: "../node_modules/expo-firebase-core/ios"
  EXFont:
    :path: "../node_modules/expo-font/ios"
  EXImageLoader:
    :path: "../node_modules/expo-image-loader/ios"
  EXImageManipulator:
    :path: "../node_modules/expo-image-manipulator/ios"
  EXImagePicker:
    :path: "../node_modules/expo-image-picker/ios"
  EXJSONUtils:
    :path: "../node_modules/expo-json-utils/ios"
  EXKeepAwake:
    :path: "../node_modules/expo-keep-awake/ios"
  EXLocation:
    :path: "../node_modules/expo-location/ios"
  EXManifests:
    :path: "../node_modules/expo-manifests/ios"
  EXNotifications:
    :path: "../node_modules/expo-notifications/ios"
  Expo:
    :path: "../node_modules/expo/ios"
  ExpoAdapterFBSDKNext:
    :path: "../node_modules/react-native-fbsdk-next/ios"
  ExpoLinearGradient:
    :path: "../node_modules/expo-linear-gradient/ios"
  ExpoLocalization:
    :path: "../node_modules/expo-localization/ios"
  ExpoModulesCore:
    :path: "../node_modules/expo-modules-core/ios"
  EXRandom:
    :path: "../node_modules/expo-random/ios"
  EXSecureStore:
    :path: "../node_modules/expo-secure-store/ios"
  EXSplashScreen:
    :path: "../node_modules/expo-splash-screen/ios"
  EXStructuredHeaders:
    :path: "../node_modules/expo-structured-headers/ios"
  EXUpdates:
    :path: "../node_modules/expo-updates/ios"
  EXUpdatesInterface:
    :path: "../node_modules/expo-updates-interface/ios"
  EXWebBrowser:
    :path: "../node_modules/expo-web-browser/ios"
  FBLazyVector:
    :path: "../node_modules/react-native/Libraries/FBLazyVector"
  FBReactNativeSpec:
    :path: "../node_modules/react-native/React/FBReactNativeSpec"
  glog:
    :podspec: "../node_modules/react-native/third-party-podspecs/glog.podspec"
  lottie-react-native:
    :path: "../node_modules/lottie-react-native"
  RCT-Folly:
    :podspec: "../node_modules/react-native/third-party-podspecs/RCT-Folly.podspec"
  RCTRequired:
    :path: "../node_modules/react-native/Libraries/RCTRequired"
  RCTTypeSafety:
    :path: "../node_modules/react-native/Libraries/TypeSafety"
  React:
    :path: "../node_modules/react-native/"
  React-callinvoker:
    :path: "../node_modules/react-native/ReactCommon/callinvoker"
  React-Core:
    :path: "../node_modules/react-native/"
  React-CoreModules:
    :path: "../node_modules/react-native/React/CoreModules"
  React-cxxreact:
    :path: "../node_modules/react-native/ReactCommon/cxxreact"
  React-jsi:
    :path: "../node_modules/react-native/ReactCommon/jsi"
  React-jsiexecutor:
    :path: "../node_modules/react-native/ReactCommon/jsiexecutor"
  React-jsinspector:
    :path: "../node_modules/react-native/ReactCommon/jsinspector"
  react-native-fbsdk-next:
    :path: "../node_modules/react-native-fbsdk-next"
  react-native-safe-area-context:
    :path: "../node_modules/react-native-safe-area-context"
  React-perflogger:
    :path: "../node_modules/react-native/ReactCommon/reactperflogger"
  React-RCTActionSheet:
    :path: "../node_modules/react-native/Libraries/ActionSheetIOS"
  React-RCTAnimation:
    :path: "../node_modules/react-native/Libraries/NativeAnimation"
  React-RCTBlob:
    :path: "../node_modules/react-native/Libraries/Blob"
  React-RCTImage:
    :path: "../node_modules/react-native/Libraries/Image"
  React-RCTLinking:
    :path: "../node_modules/react-native/Libraries/LinkingIOS"
  React-RCTNetwork:
    :path: "../node_modules/react-native/Libraries/Network"
  React-RCTSettings:
    :path: "../node_modules/react-native/Libraries/Settings"
  React-RCTText:
    :path: "../node_modules/react-native/Libraries/Text"
  React-RCTVibration:
    :path: "../node_modules/react-native/Libraries/Vibration"
  React-runtimeexecutor:
    :path: "../node_modules/react-native/ReactCommon/runtimeexecutor"
  ReactCommon:
    :path: "../node_modules/react-native/ReactCommon"
  RNCAsyncStorage:
    :path: "../node_modules/@react-native-async-storage/async-storage"
  RNCClipboard:
    :path: "../node_modules/@react-native-clipboard/clipboard"
  RNCMaskedView:
    :path: "../node_modules/@react-native-community/masked-view"
  RNCPicker:
    :path: "../node_modules/@react-native-picker/picker"
  RNGestureHandler:
    :path: "../node_modules/react-native-gesture-handler"
  RNGoogleSignin:
    :path: "../node_modules/@react-native-google-signin/google-signin"
  RNImageCropPicker:
    :path: "../node_modules/react-native-image-crop-picker"
  RNReanimated:
    :path: "../node_modules/react-native-reanimated"
  RNScreens:
    :path: "../node_modules/react-native-screens"
  RNSVG:
    :path: "../node_modules/react-native-svg"
  RNVectorIcons:
    :path: "../node_modules/react-native-vector-icons"
  UMTaskManagerInterface:
    :path: "../node_modules/unimodules-task-manager-interface/ios"
  Yoga:
    :path: "../node_modules/react-native/ReactCommon/yoga"

SPEC CHECKSUMS:
  AppAuth: 31bcec809a638d7bd2f86ea8a52bd45f6e81e7c7
  boost-for-react-native: 39c7adb57c4e60d6c5479dd8623128eb5b3f0f2c
  DoubleConversion: cf9b38bf0b2d048436d9a82ad2abe1404f11e7de
  EXApplication: 54fe5bd6268d697771645e8f1aef8b806a65247a
  EXBlur: 82055865de17cf2cf797ff064c50fb59fcbe703f
  EXCamera: 4a0d00d6d1e4703c31a75514d8bc804a2eab27bd
  EXClipboard: 8123fcda680538bb0e1f4e6511106553e52d3760
  EXConstants: 88bf79622fbd9b476c96d8ec57fe97ca44fe8e3c
  EXCrypto: ab2ba0df3136a5f2407b8c7e70eb498ac20d704f
  EXDevice: aa5e1edbf350481a948c3258b750dd11e6e4579e
  EXErrorRecovery: b0d7582714a2cc896e94a2308a356f94dbf14ef7
  EXFileSystem: 08a3033ac372b6346becf07839e1ccef26fb1058
  EXFirebaseAnalytics: a7ec2dd1394ad0de5c0c63fac0deee496f798284
  EXFirebaseCore: 52151d0b008b99983e6a120cea94466ee760a4e9
  EXFont: 2597c10ac85a69d348d44d7873eccf5a7576ef5e
  EXImageLoader: 347b72c2ec2df65120ccec40ea65a4c4f24317ff
  EXImageManipulator: 60d1bf3f1d7709453b1feb38adf8594b7f58710f
  EXImagePicker: bf4d62532cc2bf217edbe4abbb0014e73e079eac
  EXJSONUtils: 5ee0d5cf76da70ad86f0be1a41cc70f47d69e06f
  EXKeepAwake: bf48d7f740a5cd2befed6cf9a49911d385c6c47d
  EXLocation: 013b5d07cca26c2d15d998766322e70b7a228b57
  EXManifests: d3464cd2278f4a19cd80c1aa673231570b534c11
  EXNotifications: a7d582fa800d77f4a75bd22d52e84e2fbcee26df
  Expo: 534e51e607aba8229293297da5585f4b26f50fa1
  ExpoAdapterFBSDKNext: 4b5cd8325f2ce42301a3e956e6a0c301856debaa
  ExpoLinearGradient: fd591c223c81f6779036ed4cef4deb20ecb87c50
  ExpoLocalization: 72b4524c167da6c4e2a0bbe09176ff8b2c4eddbe
  ExpoModulesCore: 32c0ccb47f477d330ee93db72505380adf0de09a
  EXRandom: 1d00fd04d7d874c0c9d1ff87cee59ffe0b638a3d
  EXSecureStore: b80c74c5ee29d0160c2aace3fd9a24a5edc20015
  EXSplashScreen: 21669e598804ee810547dbb6692c8deb5dd8dbf3
  EXStructuredHeaders: 4993087b2010dbcc510f5d92555b36f523425e8d
  EXUpdates: bd5fa64f02685ed3e96be86b5ca350cdc2cd8d02
  EXUpdatesInterface: a9814f422d3cd6e7cfd260d13c27786148ece20e
  EXWebBrowser: f1573262c5de753987ed526c630076eda130804d
  FBAEMKit: 955ca52eba8219c20f90774e8c6ff8bc7b3192a3
  FBLazyVector: c71c5917ec0ad2de41d5d06a5855f6d5eda06971
  FBReactNativeSpec: 04804fe7c81596e00c33f6ec976174579d03ed61
  FBSDKCoreKit: 678f64eda3f0ff25c189c2ebbfe87b1d96a85a6d
  FBSDKCoreKit_Basics: 6bee7c1f0932432901781203fa5e587ec5099148
  FBSDKLoginKit: 56d55e23fe66a6db045826190b0b4dbc0e1ca0a0
  FBSDKShareKit: 4ef957addab76816116ea92bd872e792f7137669
  Firebase: cd2ab85eec8170dc260186159f21072ecb679ad5
  FirebaseAnalytics: f3f8f75de34fe04141a69bb1c4bd7e24a80178e1
  FirebaseCore: ac35d680a0bf32319a59966a1478e0741536b97b
  FirebaseCoreDiagnostics: 3d36e05da74cb8b7ce30e6594a8f201b982c725c
  FirebaseInstallations: a58d4f72ec5861840b84df489f2668d970df558a
  glog: 73c2498ac6884b13ede40eda8228cb1eee9d9d62
  GoogleAppMeasurement: 0c3b134b2c0a90c4c24833873894bfe0e42a0384
  GoogleDataTransport: 8b0e733ea77c9218778e5a9e34ba9508b8328939
  GoogleSignIn: 7137d297ddc022a7e0aa4619c86d72c909fa7213
  GoogleUtilities: e0913149f6b0625b553d70dae12b49fc62914fd1
  GTMAppAuth: ad5c2b70b9a8689e1a04033c9369c4915bfcbe89
  GTMSessionFetcher: 43748f93435c2aa068b1cbe39655aaf600652e91
  lottie-ios: c058aeafa76daa4cf64d773554bccc8385d0150e
  lottie-react-native: a029a86e1689c86a07169c520ae770e84348cd20
  nanopb: 59221d7f958fb711001e6a449489542d92ae113e
  PromisesObjC: 3113f7f76903778cf4a0586bd1ab89329a0b7b97
  RCT-Folly: ec7a233ccc97cc556cf7237f0db1ff65b986f27c
  RCTRequired: d34bf57e17cb6e3b2681f4809b13843c021feb6c
  RCTTypeSafety: 8dab4933124ed39bb0c1d88d74d61b1eb950f28f
  React: ef700aeb19afabff83a9cc5799ac955a9c6b5e0f
  React-callinvoker: 5547633d44f3e114b17c03c660ccb5faefd9ed2d
  React-Core: 3858d60185d71567962468bf176d582e36e4e25b
  React-CoreModules: 29b3397adac0c04915cf93089328664868510717
  React-cxxreact: 7e6cc1f4cdfcd40e483dd228fa8a3d3e0ed16f4a
  React-jsi: a8b09c29521c798f1783348b37b511ba7b3dbeb3
  React-jsiexecutor: df6abc9fafbecb8e5b7a5fbc5e6d4bd017d594d5
  React-jsinspector: 34e23860273a23695342f58eed3ffd3ba10c31e0
  react-native-fbsdk-next: 5d8803a1a933e0522a0ecb86eb4f750397e0ca54
  react-native-safe-area-context: 584dc04881deb49474363f3be89e4ca0e854c057
  React-perflogger: cc76a4254d19640f1d8ad1c66fdee800414b805c
  React-RCTActionSheet: 7448f049318d8d7e8a9a1ebb742ada721757eea8
  React-RCTAnimation: fb9b3fa1a4a9f5e6ab01b3368693ce69860ba76a
  React-RCTBlob: a2e7056601c599c19884992f08ebacae810426f9
  React-RCTImage: 5a46c12327d0d6f6844a1fe38baa92a1e02847e8
  React-RCTLinking: 63dd8305591e1def35267557ed42918aec9eb30b
  React-RCTNetwork: d0516e39a5f736b2bff671c3e03804200161dcd3
  React-RCTSettings: a09566b14f1649f6c8a39ad1a174bb5c0631bb09
  React-RCTText: 04a2f0a281f715f0aed4f515717fafd64510e2c8
  React-RCTVibration: c7f845861e79eae13dc1e8217a3cf47a3945b504
  React-runtimeexecutor: 493d9abb8b23c3f84e19ae221eeba92cadcb70dc
  ReactCommon: 8fea6422328e2fc093e25c9fac67adbcf0f04fb4
  RNCAsyncStorage: 6bd5a7ba3dde1c3facba418aa273f449bdc5437a
  RNCClipboard: cc054ad1e8a33d2a74cd13e565588b4ca928d8fd
  RNCMaskedView: 0e1bc4bfa8365eba5fbbb71e07fbdc0555249489
  RNCPicker: cb57c823d5ce8d2d0b5dfb45ad97b737260dc59e
  RNGestureHandler: e1099204721a17a89c81fcd1cc2e92143dc040fb
  RNGoogleSignin: e64616a4080cf7d83f4b292fad82d174587444e2
  RNImageCropPicker: 44e2807bc410741f35d4c45b6586aedfe3da39d2
  RNReanimated: db6fc1362254dfd18b4ef5f921af9bb72b2e42d0
  RNScreens: d6da2b9e29cf523832c2542f47bf1287318b1868
  RNSVG: 551acb6562324b1d52a4e0758f7ca0ec234e278f
  RNVectorIcons: 4143ba35feebab8fdbe6bc43d1e776b393d47ac8
  TOCropViewController: edfd4f25713d56905ad1e0b9f5be3fbe0f59c863
  UMTaskManagerInterface: 3184c93ecc290bd422c6e344badc89b601e9c29b
  Yoga: e6ecf3fa25af9d4c87e94ad7d5d292eedef49749

PODFILE CHECKSUM: 041f1ae95b0be54f094c35ca2295fc550e32d9f1

COCOAPODS: 1.11.2
